// !$*UTF8*$!
{
	archiveVersion = 1;
	classes = {
	};
	objectVersion = 56;
	objects = {

/* Begin PBXBuildFile section */
		350C50DD2BDC626B00DEFED9 /* WeDoodleApp.swift in Sources */ = {isa = PBXBuildFile; fileRef = 350C50DC2BDC626B00DEFED9 /* WeDoodleApp.swift */; };
		350C50DF2BDC626B00DEFED9 /* ContentView.swift in Sources */ = {isa = PBXBuildFile; fileRef = 350C50DE2BDC626B00DEFED9 /* ContentView.swift */; };
		350C50E12BDC626D00DEFED9 /* Assets.xcassets in Resources */ = {isa = PBXBuildFile; fileRef = 350C50E02BDC626D00DEFED9 /* Assets.xcassets */; };
		350C50E42BDC626D00DEFED9 /* Preview Assets.xcassets in Resources */ = {isa = PBXBuildFile; fileRef = 350C50E32BDC626D00DEFED9 /* Preview Assets.xcassets */; };
		350C50EE2BDC626D00DEFED9 /* WeDoodleTests.swift in Sources */ = {isa = PBXBuildFile; fileRef = 350C50ED2BDC626D00DEFED9 /* WeDoodleTests.swift */; };
		350C50F82BDC626D00DEFED9 /* WeDoodleUITests.swift in Sources */ = {isa = PBXBuildFile; fileRef = 350C50F72BDC626D00DEFED9 /* WeDoodleUITests.swift */; };
		350C50FA2BDC626D00DEFED9 /* WeDoodleUITestsLaunchTests.swift in Sources */ = {isa = PBXBuildFile; fileRef = 350C50F92BDC626D00DEFED9 /* WeDoodleUITestsLaunchTests.swift */; };
		350C51072BDC628A00DEFED9 /* DoodleView.swift in Sources */ = {isa = PBXBuildFile; fileRef = 350C51062BDC628A00DEFED9 /* DoodleView.swift */; };
		35BE21982BDC68F600440672 /* DrawingViewController.swift in Sources */ = {isa = PBXBuildFile; fileRef = 35BE21972BDC68F600440672 /* DrawingViewController.swift */; };
		35BE219A2BDC69A500440672 /* DoodleViewRepresentable.swift in Sources */ = {isa = PBXBuildFile; fileRef = 35BE21992BDC69A500440672 /* DoodleViewRepresentable.swift */; };
		35BE219C2BDC69B000440672 /* DrawingViewControllerRepresentable.swift in Sources */ = {isa = PBXBuildFile; fileRef = 35BE219B2BDC69B000440672 /* DrawingViewControllerRepresentable.swift */; };
		35BE219E2BDD3B1200440672 /* DoodleViewModel.swift in Sources */ = {isa = PBXBuildFile; fileRef = 35BE219D2BDD3B1200440672 /* DoodleViewModel.swift */; };
		35BE21A22BE0424F00440672 /* DoodleHomeView.swift in Sources */ = {isa = PBXBuildFile; fileRef = 35BE21A12BE0424F00440672 /* DoodleHomeView.swift */; };
		35BE21A72BE042FB00440672 /* DoodleStorage.swift in Sources */ = {isa = PBXBuildFile; fileRef = 35BE21A62BE042FB00440672 /* DoodleStorage.swift */; };
		35BE21A92BE0450100440672 /* DoodleModel.swift in Sources */ = {isa = PBXBuildFile; fileRef = 35BE21A82BE0450100440672 /* DoodleModel.swift */; };
/* End PBXBuildFile section */

/* Begin PBXContainerItemProxy section */
		350C50EA2BDC626D00DEFED9 /* PBXContainerItemProxy */ = {
			isa = PBXContainerItemProxy;
			containerPortal = 350C50D12BDC626B00DEFED9 /* Project object */;
			proxyType = 1;
			remoteGlobalIDString = 350C50D82BDC626B00DEFED9;
			remoteInfo = WeDoodle;
		};
		350C50F42BDC626D00DEFED9 /* PBXContainerItemProxy */ = {
			isa = PBXContainerItemProxy;
			containerPortal = 350C50D12BDC626B00DEFED9 /* Project object */;
			proxyType = 1;
			remoteGlobalIDString = 350C50D82BDC626B00DEFED9;
			remoteInfo = WeDoodle;
		};
/* End PBXContainerItemProxy section */

/* Begin PBXFileReference section */
		350C50D92BDC626B00DEFED9 /* WeDoodle.app */ = {isa = PBXFileReference; explicitFileType = wrapper.application; includeInIndex = 0; path = WeDoodle.app; sourceTree = BUILT_PRODUCTS_DIR; };
		350C50DC2BDC626B00DEFED9 /* WeDoodleApp.swift */ = {isa = PBXFileReference; lastKnownFileType = sourcecode.swift; path = WeDoodleApp.swift; sourceTree = "<group>"; };
		350C50DE2BDC626B00DEFED9 /* ContentView.swift */ = {isa = PBXFileReference; lastKnownFileType = sourcecode.swift; path = ContentView.swift; sourceTree = "<group>"; };
		350C50E02BDC626D00DEFED9 /* Assets.xcassets */ = {isa = PBXFileReference; lastKnownFileType = folder.assetcatalog; path = Assets.xcassets; sourceTree = "<group>"; };
		350C50E32BDC626D00DEFED9 /* Preview Assets.xcassets */ = {isa = PBXFileReference; lastKnownFileType = folder.assetcatalog; path = "Preview Assets.xcassets"; sourceTree = "<group>"; };
		350C50E92BDC626D00DEFED9 /* WeDoodleTests.xctest */ = {isa = PBXFileReference; explicitFileType = wrapper.cfbundle; includeInIndex = 0; path = WeDoodleTests.xctest; sourceTree = BUILT_PRODUCTS_DIR; };
		350C50ED2BDC626D00DEFED9 /* WeDoodleTests.swift */ = {isa = PBXFileReference; lastKnownFileType = sourcecode.swift; path = WeDoodleTests.swift; sourceTree = "<group>"; };
		350C50F32BDC626D00DEFED9 /* WeDoodleUITests.xctest */ = {isa = PBXFileReference; explicitFileType = wrapper.cfbundle; includeInIndex = 0; path = WeDoodleUITests.xctest; sourceTree = BUILT_PRODUCTS_DIR; };
		350C50F72BDC626D00DEFED9 /* WeDoodleUITests.swift */ = {isa = PBXFileReference; lastKnownFileType = sourcecode.swift; path = WeDoodleUITests.swift; sourceTree = "<group>"; };
		350C50F92BDC626D00DEFED9 /* WeDoodleUITestsLaunchTests.swift */ = {isa = PBXFileReference; lastKnownFileType = sourcecode.swift; path = WeDoodleUITestsLaunchTests.swift; sourceTree = "<group>"; };
		350C51062BDC628A00DEFED9 /* DoodleView.swift */ = {isa = PBXFileReference; lastKnownFileType = sourcecode.swift; path = DoodleView.swift; sourceTree = "<group>"; };
		35BE21972BDC68F600440672 /* DrawingViewController.swift */ = {isa = PBXFileReference; lastKnownFileType = sourcecode.swift; path = DrawingViewController.swift; sourceTree = "<group>"; };
		35BE21992BDC69A500440672 /* DoodleViewRepresentable.swift */ = {isa = PBXFileReference; lastKnownFileType = sourcecode.swift; path = DoodleViewRepresentable.swift; sourceTree = "<group>"; };
		35BE219B2BDC69B000440672 /* DrawingViewControllerRepresentable.swift */ = {isa = PBXFileReference; lastKnownFileType = sourcecode.swift; path = DrawingViewControllerRepresentable.swift; sourceTree = "<group>"; };
		35BE219D2BDD3B1200440672 /* DoodleViewModel.swift */ = {isa = PBXFileReference; lastKnownFileType = sourcecode.swift; path = DoodleViewModel.swift; sourceTree = "<group>"; };
		35BE21A12BE0424F00440672 /* DoodleHomeView.swift */ = {isa = PBXFileReference; lastKnownFileType = sourcecode.swift; path = DoodleHomeView.swift; sourceTree = "<group>"; };
		35BE21A62BE042FB00440672 /* DoodleStorage.swift */ = {isa = PBXFileReference; lastKnownFileType = sourcecode.swift; path = DoodleStorage.swift; sourceTree = "<group>"; };
		35BE21A82BE0450100440672 /* DoodleModel.swift */ = {isa = PBXFileReference; lastKnownFileType = sourcecode.swift; path = DoodleModel.swift; sourceTree = "<group>"; };
/* End PBXFileReference section */

/* Begin PBXFrameworksBuildPhase section */
		350C50D62BDC626B00DEFED9 /* Frameworks */ = {
			isa = PBXFrameworksBuildPhase;
			buildActionMask = 2147483647;
			files = (
			);
			runOnlyForDeploymentPostprocessing = 0;
		};
		350C50E62BDC626D00DEFED9 /* Frameworks */ = {
			isa = PBXFrameworksBuildPhase;
			buildActionMask = 2147483647;
			files = (
			);
			runOnlyForDeploymentPostprocessing = 0;
		};
		350C50F02BDC626D00DEFED9 /* Frameworks */ = {
			isa = PBXFrameworksBuildPhase;
			buildActionMask = 2147483647;
			files = (
			);
			runOnlyForDeploymentPostprocessing = 0;
		};
/* End PBXFrameworksBuildPhase section */

/* Begin PBXGroup section */
		350C50D02BDC626B00DEFED9 = {
			isa = PBXGroup;
			children = (
				350C50DB2BDC626B00DEFED9 /* WeDoodle */,
				350C50EC2BDC626D00DEFED9 /* WeDoodleTests */,
				350C50F62BDC626D00DEFED9 /* WeDoodleUITests */,
				350C50DA2BDC626B00DEFED9 /* Products */,
			);
			sourceTree = "<group>";
		};
		350C50DA2BDC626B00DEFED9 /* Products */ = {
			isa = PBXGroup;
			children = (
				350C50D92BDC626B00DEFED9 /* WeDoodle.app */,
				350C50E92BDC626D00DEFED9 /* WeDoodleTests.xctest */,
				350C50F32BDC626D00DEFED9 /* WeDoodleUITests.xctest */,
			);
			name = Products;
			sourceTree = "<group>";
		};
		350C50DB2BDC626B00DEFED9 /* WeDoodle */ = {
			isa = PBXGroup;
			children = (
				35BE21A52BE042EB00440672 /* Helpers */,
				35BE21A02BE0423A00440672 /* DoodleHome */,
				35BE219F2BE0420100440672 /* DoodleView */,
				350C50DE2BDC626B00DEFED9 /* ContentView.swift */,
				350C50DC2BDC626B00DEFED9 /* WeDoodleApp.swift */,
				350C50E02BDC626D00DEFED9 /* Assets.xcassets */,
				350C50E22BDC626D00DEFED9 /* Preview Content */,
			);
			path = WeDoodle;
			sourceTree = "<group>";
		};
		350C50E22BDC626D00DEFED9 /* Preview Content */ = {
			isa = PBXGroup;
			children = (
				350C50E32BDC626D00DEFED9 /* Preview Assets.xcassets */,
			);
			path = "Preview Content";
			sourceTree = "<group>";
		};
		350C50EC2BDC626D00DEFED9 /* WeDoodleTests */ = {
			isa = PBXGroup;
			children = (
				350C50ED2BDC626D00DEFED9 /* WeDoodleTests.swift */,
			);
			path = WeDoodleTests;
			sourceTree = "<group>";
		};
		350C50F62BDC626D00DEFED9 /* WeDoodleUITests */ = {
			isa = PBXGroup;
			children = (
				350C50F72BDC626D00DEFED9 /* WeDoodleUITests.swift */,
				350C50F92BDC626D00DEFED9 /* WeDoodleUITestsLaunchTests.swift */,
			);
			path = WeDoodleUITests;
			sourceTree = "<group>";
		};
		35BE219F2BE0420100440672 /* DoodleView */ = {
			isa = PBXGroup;
			children = (
				350C51062BDC628A00DEFED9 /* DoodleView.swift */,
				35BE219D2BDD3B1200440672 /* DoodleViewModel.swift */,
				35BE21992BDC69A500440672 /* DoodleViewRepresentable.swift */,
				35BE219B2BDC69B000440672 /* DrawingViewControllerRepresentable.swift */,
				35BE21972BDC68F600440672 /* DrawingViewController.swift */,
			);
			path = DoodleView;
			sourceTree = "<group>";
		};
		35BE21A02BE0423A00440672 /* DoodleHome */ = {
			isa = PBXGroup;
			children = (
				35BE21A12BE0424F00440672 /* DoodleHomeView.swift */,
			);
			path = DoodleHome;
			sourceTree = "<group>";
		};
		35BE21A52BE042EB00440672 /* Helpers */ = {
			isa = PBXGroup;
			children = (
				35BE21A82BE0450100440672 /* DoodleModel.swift */,
				35BE21A62BE042FB00440672 /* DoodleStorage.swift */,
			);
			path = Helpers;
			sourceTree = "<group>";
		};
/* End PBXGroup section */

/* Begin PBXNativeTarget section */
		350C50D82BDC626B00DEFED9 /* WeDoodle */ = {
			isa = PBXNativeTarget;
			buildConfigurationList = 350C50FD2BDC626D00DEFED9 /* Build configuration list for PBXNativeTarget "WeDoodle" */;
			buildPhases = (
				350C50D52BDC626B00DEFED9 /* Sources */,
				350C50D62BDC626B00DEFED9 /* Frameworks */,
				350C50D72BDC626B00DEFED9 /* Resources */,
			);
			buildRules = (
			);
			dependencies = (
			);
			name = WeDoodle;
			productName = WeDoodle;
			productReference = 350C50D92BDC626B00DEFED9 /* WeDoodle.app */;
			productType = "com.apple.product-type.application";
		};
		350C50E82BDC626D00DEFED9 /* WeDoodleTests */ = {
			isa = PBXNativeTarget;
			buildConfigurationList = 350C51002BDC626D00DEFED9 /* Build configuration list for PBXNativeTarget "WeDoodleTests" */;
			buildPhases = (
				350C50E52BDC626D00DEFED9 /* Sources */,
				350C50E62BDC626D00DEFED9 /* Frameworks */,
				350C50E72BDC626D00DEFED9 /* Resources */,
			);
			buildRules = (
			);
			dependencies = (
				350C50EB2BDC626D00DEFED9 /* PBXTargetDependency */,
			);
			name = WeDoodleTests;
			productName = WeDoodleTests;
			productReference = 350C50E92BDC626D00DEFED9 /* WeDoodleTests.xctest */;
			productType = "com.apple.product-type.bundle.unit-test";
		};
		350C50F22BDC626D00DEFED9 /* WeDoodleUITests */ = {
			isa = PBXNativeTarget;
			buildConfigurationList = 350C51032BDC626D00DEFED9 /* Build configuration list for PBXNativeTarget "WeDoodleUITests" */;
			buildPhases = (
				350C50EF2BDC626D00DEFED9 /* Sources */,
				350C50F02BDC626D00DEFED9 /* Frameworks */,
				350C50F12BDC626D00DEFED9 /* Resources */,
			);
			buildRules = (
			);
			dependencies = (
				350C50F52BDC626D00DEFED9 /* PBXTargetDependency */,
			);
			name = WeDoodleUITests;
			productName = WeDoodleUITests;
			productReference = 350C50F32BDC626D00DEFED9 /* WeDoodleUITests.xctest */;
			productType = "com.apple.product-type.bundle.ui-testing";
		};
/* End PBXNativeTarget section */

/* Begin PBXProject section */
		350C50D12BDC626B00DEFED9 /* Project object */ = {
			isa = PBXProject;
			attributes = {
				BuildIndependentTargetsInParallel = 1;
				LastSwiftUpdateCheck = 1530;
				LastUpgradeCheck = 1530;
				TargetAttributes = {
					350C50D82BDC626B00DEFED9 = {
						CreatedOnToolsVersion = 15.3;
					};
					350C50E82BDC626D00DEFED9 = {
						CreatedOnToolsVersion = 15.3;
						TestTargetID = 350C50D82BDC626B00DEFED9;
					};
					350C50F22BDC626D00DEFED9 = {
						CreatedOnToolsVersion = 15.3;
						TestTargetID = 350C50D82BDC626B00DEFED9;
					};
				};
			};
			buildConfigurationList = 350C50D42BDC626B00DEFED9 /* Build configuration list for PBXProject "WeDoodle" */;
			compatibilityVersion = "Xcode 14.0";
			developmentRegion = en;
			hasScannedForEncodings = 0;
			knownRegions = (
				en,
				Base,
			);
			mainGroup = 350C50D02BDC626B00DEFED9;
			productRefGroup = 350C50DA2BDC626B00DEFED9 /* Products */;
			projectDirPath = "";
			projectRoot = "";
			targets = (
				350C50D82BDC626B00DEFED9 /* WeDoodle */,
				350C50E82BDC626D00DEFED9 /* WeDoodleTests */,
				350C50F22BDC626D00DEFED9 /* WeDoodleUITests */,
			);
		};
/* End PBXProject section */

/* Begin PBXResourcesBuildPhase section */
		350C50D72BDC626B00DEFED9 /* Resources */ = {
			isa = PBXResourcesBuildPhase;
			buildActionMask = 2147483647;
			files = (
				350C50E42BDC626D00DEFED9 /* Preview Assets.xcassets in Resources */,
				350C50E12BDC626D00DEFED9 /* Assets.xcassets in Resources */,
			);
			runOnlyForDeploymentPostprocessing = 0;
		};
		350C50E72BDC626D00DEFED9 /* Resources */ = {
			isa = PBXResourcesBuildPhase;
			buildActionMask = 2147483647;
			files = (
			);
			runOnlyForDeploymentPostprocessing = 0;
		};
		350C50F12BDC626D00DEFED9 /* Resources */ = {
			isa = PBXResourcesBuildPhase;
			buildActionMask = 2147483647;
			files = (
			);
			runOnlyForDeploymentPostprocessing = 0;
		};
/* End PBXResourcesBuildPhase section */

/* Begin PBXSourcesBuildPhase section */
		350C50D52BDC626B00DEFED9 /* Sources */ = {
			isa = PBXSourcesBuildPhase;
			buildActionMask = 2147483647;
			files = (
				35BE21A92BE0450100440672 /* DoodleModel.swift in Sources */,
				350C50DF2BDC626B00DEFED9 /* ContentView.swift in Sources */,
				35BE219A2BDC69A500440672 /* DoodleViewRepresentable.swift in Sources */,
				35BE21A72BE042FB00440672 /* DoodleStorage.swift in Sources */,
				35BE21A22BE0424F00440672 /* DoodleHomeView.swift in Sources */,
				35BE21982BDC68F600440672 /* DrawingViewController.swift in Sources */,
				350C51072BDC628A00DEFED9 /* DoodleView.swift in Sources */,
				35BE219C2BDC69B000440672 /* DrawingViewControllerRepresentable.swift in Sources */,
				350C50DD2BDC626B00DEFED9 /* WeDoodleApp.swift in Sources */,
				35BE219E2BDD3B1200440672 /* DoodleViewModel.swift in Sources */,
			);
			runOnlyForDeploymentPostprocessing = 0;
		};
		350C50E52BDC626D00DEFED9 /* Sources */ = {
			isa = PBXSourcesBuildPhase;
			buildActionMask = 2147483647;
			files = (
				350C50EE2BDC626D00DEFED9 /* WeDoodleTests.swift in Sources */,
			);
			runOnlyForDeploymentPostprocessing = 0;
		};
		350C50EF2BDC626D00DEFED9 /* Sources */ = {
			isa = PBXSourcesBuildPhase;
			buildActionMask = 2147483647;
			files = (
				350C50FA2BDC626D00DEFED9 /* WeDoodleUITestsLaunchTests.swift in Sources */,
				350C50F82BDC626D00DEFED9 /* WeDoodleUITests.swift in Sources */,
			);
			runOnlyForDeploymentPostprocessing = 0;
		};
/* End PBXSourcesBuildPhase section */

/* Begin PBXTargetDependency section */
		350C50EB2BDC626D00DEFED9 /* PBXTargetDependency */ = {
			isa = PBXTargetDependency;
			target = 350C50D82BDC626B00DEFED9 /* WeDoodle */;
			targetProxy = 350C50EA2BDC626D00DEFED9 /* PBXContainerItemProxy */;
		};
		350C50F52BDC626D00DEFED9 /* PBXTargetDependency */ = {
			isa = PBXTargetDependency;
			target = 350C50D82BDC626B00DEFED9 /* WeDoodle */;
			targetProxy = 350C50F42BDC626D00DEFED9 /* PBXContainerItemProxy */;
		};
/* End PBXTargetDependency section */

/* Begin XCBuildConfiguration section */
		350C50FB2BDC626D00DEFED9 /* Debug */ = {
			isa = XCBuildConfiguration;
			buildSettings = {
				ALWAYS_SEARCH_USER_PATHS = NO;
				ASSETCATALOG_COMPILER_GENERATE_SWIFT_ASSET_SYMBOL_EXTENSIONS = YES;
				CLANG_ANALYZER_NONNULL = YES;
				CLANG_ANALYZER_NUMBER_OBJECT_CONVERSION = YES_AGGRESSIVE;
				CLANG_CXX_LANGUAGE_STANDARD = "gnu++20";
				CLANG_ENABLE_MODULES = YES;
				CLANG_ENABLE_OBJC_ARC = YES;
				CLANG_ENABLE_OBJC_WEAK = YES;
				CLANG_WARN_BLOCK_CAPTURE_AUTORELEASING = YES;
				CLANG_WARN_BOOL_CONVERSION = YES;
				CLANG_WARN_COMMA = YES;
				CLANG_WARN_CONSTANT_CONVERSION = YES;
				CLANG_WARN_DEPRECATED_OBJC_IMPLEMENTATIONS = YES;
				CLANG_WARN_DIRECT_OBJC_ISA_USAGE = YES_ERROR;
				CLANG_WARN_DOCUMENTATION_COMMENTS = YES;
				CLANG_WARN_EMPTY_BODY = YES;
				CLANG_WARN_ENUM_CONVERSION = YES;
				CLANG_WARN_INFINITE_RECURSION = YES;
				CLANG_WARN_INT_CONVERSION = YES;
				CLANG_WARN_NON_LITERAL_NULL_CONVERSION = YES;
				CLANG_WARN_OBJC_IMPLICIT_RETAIN_SELF = YES;
				CLANG_WARN_OBJC_LITERAL_CONVERSION = YES;
				CLANG_WARN_OBJC_ROOT_CLASS = YES_ERROR;
				CLANG_WARN_QUOTED_INCLUDE_IN_FRAMEWORK_HEADER = YES;
				CLANG_WARN_RANGE_LOOP_ANALYSIS = YES;
				CLANG_WARN_STRICT_PROTOTYPES = YES;
				CLANG_WARN_SUSPICIOUS_MOVE = YES;
				CLANG_WARN_UNGUARDED_AVAILABILITY = YES_AGGRESSIVE;
				CLANG_WARN_UNREACHABLE_CODE = YES;
				CLANG_WARN__DUPLICATE_METHOD_MATCH = YES;
				COPY_PHASE_STRIP = NO;
				DEBUG_INFORMATION_FORMAT = dwarf;
				ENABLE_STRICT_OBJC_MSGSEND = YES;
				ENABLE_TESTABILITY = YES;
				ENABLE_USER_SCRIPT_SANDBOXING = YES;
				GCC_C_LANGUAGE_STANDARD = gnu17;
				GCC_DYNAMIC_NO_PIC = NO;
				GCC_NO_COMMON_BLOCKS = YES;
				GCC_OPTIMIZATION_LEVEL = 0;
				GCC_PREPROCESSOR_DEFINITIONS = (
					"DEBUG=1",
					"$(inherited)",
				);
				GCC_WARN_64_TO_32_BIT_CONVERSION = YES;
				GCC_WARN_ABOUT_RETURN_TYPE = YES_ERROR;
				GCC_WARN_UNDECLARED_SELECTOR = YES;
				GCC_WARN_UNINITIALIZED_AUTOS = YES_AGGRESSIVE;
				GCC_WARN_UNUSED_FUNCTION = YES;
				GCC_WARN_UNUSED_VARIABLE = YES;
				IPHONEOS_DEPLOYMENT_TARGET = 17.4;
				LOCALIZATION_PREFERS_STRING_CATALOGS = YES;
				MTL_ENABLE_DEBUG_INFO = INCLUDE_SOURCE;
				MTL_FAST_MATH = YES;
				ONLY_ACTIVE_ARCH = YES;
				SDKROOT = iphoneos;
				SWIFT_ACTIVE_COMPILATION_CONDITIONS = "DEBUG $(inherited)";
				SWIFT_OPTIMIZATION_LEVEL = "-Onone";
			};
			name = Debug;
		};
		350C50FC2BDC626D00DEFED9 /* Release */ = {
			isa = XCBuildConfiguration;
			buildSettings = {
				ALWAYS_SEARCH_USER_PATHS = NO;
				ASSETCATALOG_COMPILER_GENERATE_SWIFT_ASSET_SYMBOL_EXTENSIONS = YES;
				CLANG_ANALYZER_NONNULL = YES;
				CLANG_ANALYZER_NUMBER_OBJECT_CONVERSION = YES_AGGRESSIVE;
				CLANG_CXX_LANGUAGE_STANDARD = "gnu++20";
				CLANG_ENABLE_MODULES = YES;
				CLANG_ENABLE_OBJC_ARC = YES;
				CLANG_ENABLE_OBJC_WEAK = YES;
				CLANG_WARN_BLOCK_CAPTURE_AUTORELEASING = YES;
				CLANG_WARN_BOOL_CONVERSION = YES;
				CLANG_WARN_COMMA = YES;
				CLANG_WARN_CONSTANT_CONVERSION = YES;
				CLANG_WARN_DEPRECATED_OBJC_IMPLEMENTATIONS = YES;
				CLANG_WARN_DIRECT_OBJC_ISA_USAGE = YES_ERROR;
				CLANG_WARN_DOCUMENTATION_COMMENTS = YES;
				CLANG_WARN_EMPTY_BODY = YES;
				CLANG_WARN_ENUM_CONVERSION = YES;
				CLANG_WARN_INFINITE_RECURSION = YES;
				CLANG_WARN_INT_CONVERSION = YES;
				CLANG_WARN_NON_LITERAL_NULL_CONVERSION = YES;
				CLANG_WARN_OBJC_IMPLICIT_RETAIN_SELF = YES;
				CLANG_WARN_OBJC_LITERAL_CONVERSION = YES;
				CLANG_WARN_OBJC_ROOT_CLASS = YES_ERROR;
				CLANG_WARN_QUOTED_INCLUDE_IN_FRAMEWORK_HEADER = YES;
				CLANG_WARN_RANGE_LOOP_ANALYSIS = YES;
				CLANG_WARN_STRICT_PROTOTYPES = YES;
				CLANG_WARN_SUSPICIOUS_MOVE = YES;
				CLANG_WARN_UNGUARDED_AVAILABILITY = YES_AGGRESSIVE;
				CLANG_WARN_UNREACHABLE_CODE = YES;
				CLANG_WARN__DUPLICATE_METHOD_MATCH = YES;
				COPY_PHASE_STRIP = NO;
				DEBUG_INFORMATION_FORMAT = "dwarf-with-dsym";
				ENABLE_NS_ASSERTIONS = NO;
				ENABLE_STRICT_OBJC_MSGSEND = YES;
				ENABLE_USER_SCRIPT_SANDBOXING = YES;
				GCC_C_LANGUAGE_STANDARD = gnu17;
				GCC_NO_COMMON_BLOCKS = YES;
				GCC_WARN_64_TO_32_BIT_CONVERSION = YES;
				GCC_WARN_ABOUT_RETURN_TYPE = YES_ERROR;
				GCC_WARN_UNDECLARED_SELECTOR = YES;
				GCC_WARN_UNINITIALIZED_AUTOS = YES_AGGRESSIVE;
				GCC_WARN_UNUSED_FUNCTION = YES;
				GCC_WARN_UNUSED_VARIABLE = YES;
				IPHONEOS_DEPLOYMENT_TARGET = 17.4;
				LOCALIZATION_PREFERS_STRING_CATALOGS = YES;
				MTL_ENABLE_DEBUG_INFO = NO;
				MTL_FAST_MATH = YES;
				SDKROOT = iphoneos;
				SWIFT_COMPILATION_MODE = wholemodule;
				VALIDATE_PRODUCT = YES;
			};
			name = Release;
		};
		350C50FE2BDC626D00DEFED9 /* Debug */ = {
			isa = XCBuildConfiguration;
			buildSettings = {
				ASSETCATALOG_COMPILER_APPICON_NAME = AppIcon;
				ASSETCATALOG_COMPILER_GLOBAL_ACCENT_COLOR_NAME = AccentColor;
				CODE_SIGN_STYLE = Automatic;
				CURRENT_PROJECT_VERSION = 1;
				DEVELOPMENT_ASSET_PATHS = "\"WeDoodle/Preview Content\"";
				DEVELOPMENT_TEAM = L49ULT5KS9;
				ENABLE_PREVIEWS = YES;
				GENERATE_INFOPLIST_FILE = YES;
				INFOPLIST_KEY_UIApplicationSceneManifest_Generation = YES;
				INFOPLIST_KEY_UIApplicationSupportsIndirectInputEvents = YES;
				INFOPLIST_KEY_UILaunchScreen_Generation = YES;
				INFOPLIST_KEY_UISupportedInterfaceOrientations_iPad = "UIInterfaceOrientationPortrait UIInterfaceOrientationPortraitUpsideDown UIInterfaceOrientationLandscapeLeft UIInterfaceOrientationLandscapeRight";
				INFOPLIST_KEY_UISupportedInterfaceOrientations_iPhone = "UIInterfaceOrientationPortrait UIInterfaceOrientationLandscapeLeft UIInterfaceOrientationLandscapeRight";
				LD_RUNPATH_SEARCH_PATHS = (
					"$(inherited)",
					"@executable_path/Frameworks",
				);
				MARKETING_VERSION = 1.0;
				PRODUCT_BUNDLE_IDENTIFIER = chioli.WeDoodle;
				PRODUCT_NAME = "$(TARGET_NAME)";
				SWIFT_EMIT_LOC_STRINGS = YES;
				SWIFT_VERSION = 5.0;
				TARGETED_DEVICE_FAMILY = "1,2";
			};
			name = Debug;
		};
		350C50FF2BDC626D00DEFED9 /* Release */ = {
			isa = XCBuildConfiguration;
			buildSettings = {
				ASSETCATALOG_COMPILER_APPICON_NAME = AppIcon;
				ASSETCATALOG_COMPILER_GLOBAL_ACCENT_COLOR_NAME = AccentColor;
				CODE_SIGN_STYLE = Automatic;
				CURRENT_PROJECT_VERSION = 1;
				DEVELOPMENT_ASSET_PATHS = "\"WeDoodle/Preview Content\"";
				DEVELOPMENT_TEAM = L49ULT5KS9;
				ENABLE_PREVIEWS = YES;
				GENERATE_INFOPLIST_FILE = YES;
				INFOPLIST_KEY_UIApplicationSceneManifest_Generation = YES;
				INFOPLIST_KEY_UIApplicationSupportsIndirectInputEvents = YES;
				INFOPLIST_KEY_UILaunchScreen_Generation = YES;
				INFOPLIST_KEY_UISupportedInterfaceOrientations_iPad = "UIInterfaceOrientationPortrait UIInterfaceOrientationPortraitUpsideDown UIInterfaceOrientationLandscapeLeft UIInterfaceOrientationLandscapeRight";
				INFOPLIST_KEY_UISupportedInterfaceOrientations_iPhone = "UIInterfaceOrientationPortrait UIInterfaceOrientationLandscapeLeft UIInterfaceOrientationLandscapeRight";
				LD_RUNPATH_SEARCH_PATHS = (
					"$(inherited)",
					"@executable_path/Frameworks",
				);
				MARKETING_VERSION = 1.0;
				PRODUCT_BUNDLE_IDENTIFIER = chioli.WeDoodle;
				PRODUCT_NAME = "$(TARGET_NAME)";
				SWIFT_EMIT_LOC_STRINGS = YES;
				SWIFT_VERSION = 5.0;
				TARGETED_DEVICE_FAMILY = "1,2";
			};
			name = Release;
		};
		350C51012BDC626D00DEFED9 /* Debug */ = {
			isa = XCBuildConfiguration;
			buildSettings = {
				ALWAYS_EMBED_SWIFT_STANDARD_LIBRARIES = YES;
				BUNDLE_LOADER = "$(TEST_HOST)";
				CODE_SIGN_STYLE = Automatic;
				CURRENT_PROJECT_VERSION = 1;
				GENERATE_INFOPLIST_FILE = YES;
				IPHONEOS_DEPLOYMENT_TARGET = 17.4;
				MARKETING_VERSION = 1.0;
				PRODUCT_BUNDLE_IDENTIFIER = chioli.WeDoodleTests;
				PRODUCT_NAME = "$(TARGET_NAME)";
				SWIFT_EMIT_LOC_STRINGS = NO;
				SWIFT_VERSION = 5.0;
				TARGETED_DEVICE_FAMILY = "1,2";
				TEST_HOST = "$(BUILT_PRODUCTS_DIR)/WeDoodle.app/$(BUNDLE_EXECUTABLE_FOLDER_PATH)/WeDoodle";
			};
			name = Debug;
		};
		350C51022BDC626D00DEFED9 /* Release */ = {
			isa = XCBuildConfiguration;
			buildSettings = {
				ALWAYS_EMBED_SWIFT_STANDARD_LIBRARIES = YES;
				BUNDLE_LOADER = "$(TEST_HOST)";
				CODE_SIGN_STYLE = Automatic;
				CURRENT_PROJECT_VERSION = 1;
				GENERATE_INFOPLIST_FILE = YES;
				IPHONEOS_DEPLOYMENT_TARGET = 17.4;
				MARKETING_VERSION = 1.0;
				PRODUCT_BUNDLE_IDENTIFIER = chioli.WeDoodleTests;
				PRODUCT_NAME = "$(TARGET_NAME)";
				SWIFT_EMIT_LOC_STRINGS = NO;
				SWIFT_VERSION = 5.0;
				TARGETED_DEVICE_FAMILY = "1,2";
				TEST_HOST = "$(BUILT_PRODUCTS_DIR)/WeDoodle.app/$(BUNDLE_EXECUTABLE_FOLDER_PATH)/WeDoodle";
			};
			name = Release;
		};
		350C51042BDC626D00DEFED9 /* Debug */ = {
			isa = XCBuildConfiguration;
			buildSettings = {
				ALWAYS_EMBED_SWIFT_STANDARD_LIBRARIES = YES;
				CODE_SIGN_STYLE = Automatic;
				CURRENT_PROJECT_VERSION = 1;
				GENERATE_INFOPLIST_FILE = YES;
				MARKETING_VERSION = 1.0;
				PRODUCT_BUNDLE_IDENTIFIER = chioli.WeDoodleUITests;
				PRODUCT_NAME = "$(TARGET_NAME)";
				SWIFT_EMIT_LOC_STRINGS = NO;
				SWIFT_VERSION = 5.0;
				TARGETED_DEVICE_FAMILY = "1,2";
				TEST_TARGET_NAME = WeDoodle;
			};
			name = Debug;
		};
		350C51052BDC626D00DEFED9 /* Release */ = {
			isa = XCBuildConfiguration;
			buildSettings = {
				ALWAYS_EMBED_SWIFT_STANDARD_LIBRARIES = YES;
				CODE_SIGN_STYLE = Automatic;
				CURRENT_PROJECT_VERSION = 1;
				GENERATE_INFOPLIST_FILE = YES;
				MARKETING_VERSION = 1.0;
				PRODUCT_BUNDLE_IDENTIFIER = chioli.WeDoodleUITests;
				PRODUCT_NAME = "$(TARGET_NAME)";
				SWIFT_EMIT_LOC_STRINGS = NO;
				SWIFT_VERSION = 5.0;
				TARGETED_DEVICE_FAMILY = "1,2";
				TEST_TARGET_NAME = WeDoodle;
			};
			name = Release;
		};
/* End XCBuildConfiguration section */

/* Begin XCConfigurationList section */
		350C50D42BDC626B00DEFED9 /* Build configuration list for PBXProject "WeDoodle" */ = {
			isa = XCConfigurationList;
			buildConfigurations = (
				350C50FB2BDC626D00DEFED9 /* Debug */,
				350C50FC2BDC626D00DEFED9 /* Release */,
			);
			defaultConfigurationIsVisible = 0;
			defaultConfigurationName = Release;
		};
		350C50FD2BDC626D00DEFED9 /* Build configuration list for PBXNativeTarget "WeDoodle" */ = {
			isa = XCConfigurationList;
			buildConfigurations = (
				350C50FE2BDC626D00DEFED9 /* Debug */,
				350C50FF2BDC626D00DEFED9 /* Release */,
			);
			defaultConfigurationIsVisible = 0;
			defaultConfigurationName = Release;
		};
		350C51002BDC626D00DEFED9 /* Build configuration list for PBXNativeTarget "WeDoodleTests" */ = {
			isa = XCConfigurationList;
			buildConfigurations = (
				350C51012BDC626D00DEFED9 /* Debug */,
				350C51022BDC626D00DEFED9 /* Release */,
			);
			defaultConfigurationIsVisible = 0;
			defaultConfigurationName = Release;
		};
		350C51032BDC626D00DEFED9 /* Build configuration list for PBXNativeTarget "WeDoodleUITests" */ = {
			isa = XCConfigurationList;
			buildConfigurations = (
				350C51042BDC626D00DEFED9 /* Debug */,
				350C51052BDC626D00DEFED9 /* Release */,
			);
			defaultConfigurationIsVisible = 0;
			defaultConfigurationName = Release;
		};
/* End XCConfigurationList section */
	};
	rootObject = 350C50D12BDC626B00DEFED9 /* Project object */;
}
